
Microsoft Visual Studio Solution File, Format Version 12.00
# Visual Studio Version 16
VisualStudioVersion = 16.0.30804.86
MinimumVisualStudioVersion = 10.0.40219.1
Project("{9A19103F-16F7-4668-BE54-9A1E7A4F7556}") = "KampIntro", "KampIntro\KampIntro.csproj", "{0EC8523A-9584-448F-9FCE-34C26D87607E}"
EndProject
Project("{9A19103F-16F7-4668-BE54-9A1E7A4F7556}") = "Donguler", "Donguler\Donguler.csproj", "{B0DD11CF-6414-47BF-BE94-406DCFB3410C}"
EndProject
Project("{9A19103F-16F7-4668-BE54-9A1E7A4F7556}") = "ClassIntro", "ClassIntro\ClassIntro.csproj", "{840C6D9F-EF8F-49DA-9F38-2EEAAB673B72}"
EndProject
Project("{FAE04EC0-301F-11D3-BF4B-00C04F79EFBC}") = "Metotlar", "Metotlar\Metotlar.csproj", "{8E4D99B0-8F81-46D1-B4D3-37C0313691BC}"
EndProject
Project("{FAE04EC0-301F-11D3-BF4B-00C04F79EFBC}") = "Matematik", "Matematik\Matematik.csproj", "{845BE10F-623A-48F9-8AF9-DE62D465DBA2}"
EndProject
Project("{FAE04EC0-301F-11D3-BF4B-00C04F79EFBC}") = "DegerVeReferansTipler", "DegerVeReferansTipler\DegerVeReferansTipler.csproj", "{1621B83A-4854-4359-B672-9BCEBE0A51F3}"
EndProject
Global
	GlobalSection(SolutionConfigurationPlatforms) = preSolution
		Debug|Any CPU = Debug|Any CPU
		Release|Any CPU = Release|Any CPU
	EndGlobalSection
	GlobalSection(ProjectConfigurationPlatforms) = postSolution
		{0EC8523A-9584-448F-9FCE-34C26D87607E}.Debug|Any CPU.ActiveCfg = Debug|Any CPU
		{0EC8523A-9584-448F-9FCE-34C26D87607E}.Debug|Any CPU.Build.0 = Debug|Any CPU
		{0EC8523A-9584-448F-9FCE-34C26D87607E}.Release|Any CPU.ActiveCfg = Release|Any CPU
		{0EC8523A-9584-448F-9FCE-34C26D87607E}.Release|Any CPU.Build.0 = Release|Any CPU
		{B0DD11CF-6414-47BF-BE94-406DCFB3410C}.Debug|Any CPU.ActiveCfg = Debug|Any CPU
		{B0DD11CF-6414-47BF-BE94-406DCFB3410C}.Debug|Any CPU.Build.0 = Debug|Any CPU
		{B0DD11CF-6414-47BF-BE94-406DCFB3410C}.Release|Any CPU.ActiveCfg = Release|Any CPU
		{B0DD11CF-6414-47BF-BE94-406DCFB3410C}.Release|Any CPU.Build.0 = Release|Any CPU
		{840C6D9F-EF8F-49DA-9F38-2EEAAB673B72}.Debug|Any CPU.ActiveCfg = Debug|Any CPU
		{840C6D9F-EF8F-49DA-9F38-2EEAAB673B72}.Debug|Any CPU.Build.0 = Debug|Any CPU
		{840C6D9F-EF8F-49DA-9F38-2EEAAB673B72}.Release|Any CPU.ActiveCfg = Release|Any CPU
		{840C6D9F-EF8F-49DA-9F38-2EEAAB673B72}.Release|Any CPU.Build.0 = Release|Any CPU
		{8E4D99B0-8F81-46D1-B4D3-37C0313691BC}.Debug|Any CPU.ActiveCfg = Debug|Any CPU
		{8E4D99B0-8F81-46D1-B4D3-37C0313691BC}.Debug|Any CPU.Build.0 = Debug|Any CPU
		{8E4D99B0-8F81-46D1-B4D3-37C0313691BC}.Release|Any CPU.ActiveCfg = Release|Any CPU
		{8E4D99B0-8F81-46D1-B4D3-37C0313691BC}.Release|Any CPU.Build.0 = Release|Any CPU
		{845BE10F-623A-48F9-8AF9-DE62D465DBA2}.Debug|Any CPU.ActiveCfg = Debug|Any CPU
		{845BE10F-623A-48F9-8AF9-DE62D465DBA2}.Debug|Any CPU.Build.0 = Debug|Any CPU
		{845BE10F-623A-48F9-8AF9-DE62D465DBA2}.Release|Any CPU.ActiveCfg = Release|Any CPU
		{845BE10F-623A-48F9-8AF9-DE62D465DBA2}.Release|Any CPU.Build.0 = Release|Any CPU
		{1621B83A-4854-4359-B672-9BCEBE0A51F3}.Debug|Any CPU.ActiveCfg = Debug|Any CPU
		{1621B83A-4854-4359-B672-9BCEBE0A51F3}.Debug|Any CPU.Build.0 = Debug|Any CPU
		{1621B83A-4854-4359-B672-9BCEBE0A51F3}.Release|Any CPU.ActiveCfg = Release|Any CPU
		{1621B83A-4854-4359-B672-9BCEBE0A51F3}.Release|Any CPU.Build.0 = Release|Any CPU
	EndGlobalSection
	GlobalSection(SolutionProperties) = preSolution
		HideSolutionNode = FALSE
	EndGlobalSection
	GlobalSection(ExtensibilityGlobals) = postSolution
		SolutionGuid = {A61C69F6-24AE-4CD1-B565-62959A3BEDFF}
	EndGlobalSection
EndGlobal
